
Microsoft Visual Studio Solution File, Format Version 12.00
# Visual Studio Version 17
VisualStudioVersion = 17.9.34723.18
MinimumVisualStudioVersion = 10.0.40219.1
Project("{FAE04EC0-301F-11D3-BF4B-00C04F79EFBC}") = "ToDO", "ToDO\ToDO.csproj", "{694ED2B3-9341-44AF-88FA-3DE4EE3E0A6B}"
EndProject
Global
	GlobalSection(SolutionConfigurationPlatforms) = preSolution
		Debug|Any CPU = Debug|Any CPU
		Release|Any CPU = Release|Any CPU
	EndGlobalSection
	GlobalSection(ProjectConfigurationPlatforms) = postSolution
		{694ED2B3-9341-44AF-88FA-3DE4EE3E0A6B}.Debug|Any CPU.ActiveCfg = Debug|Any CPU
		{694ED2B3-9341-44AF-88FA-3DE4EE3E0A6B}.Debug|Any CPU.Build.0 = Debug|Any CPU
		{694ED2B3-9341-44AF-88FA-3DE4EE3E0A6B}.Release|Any CPU.ActiveCfg = Release|Any CPU
		{694ED2B3-9341-44AF-88FA-3DE4EE3E0A6B}.Release|Any CPU.Build.0 = Release|Any CPU
	EndGlobalSection
	GlobalSection(SolutionProperties) = preSolution
		HideSolutionNode = FALSE
	EndGlobalSection
	GlobalSection(ExtensibilityGlobals) = postSolution
		SolutionGuid = {26CC17C2-F6CE-43E3-BAB5-119776DDBE7E}
	EndGlobalSection
EndGlobal
